
Microsoft Visual Studio Solution File, Format Version 12.00
# Visual Studio 14
VisualStudioVersion = 14.0.25420.1
MinimumVisualStudioVersion = 10.0.40219.1
Project("{8BC9CEB8-8B4A-11D0-8D11-00A0C91BC942}") = "RATClient", "RATClient\RATClient.vcxproj", "{8C87ECC4-5863-41B2-BCA9-BA64DA35B5B8}"
EndProject
Project("{8BC9CEB8-8B4A-11D0-8D11-00A0C91BC942}") = "RATServer", "RATServer\RATServer.vcxproj", "{93EAFB53-F4FC-4A4C-B560-A2E5F9F7732F}"
EndProject
Project("{8BC9CEB8-8B4A-11D0-8D11-00A0C91BC942}") = "injecteurClient", "injecteurClient\injecteurClient.vcxproj", "{2B600DE5-F2BA-491B-A847-DE4699B4C91D}"
EndProject
Project("{8BC9CEB8-8B4A-11D0-8D11-00A0C91BC942}") = "injecteurServer", "injecteurServer\injecteurServer.vcxproj", "{DEC75A89-FB03-430C-A2B6-0BFDCC617DE3}"
EndProject
Global
	GlobalSection(SolutionConfigurationPlatforms) = preSolution
		Debug|x64 = Debug|x64
		Debug|x86 = Debug|x86
		Release|x64 = Release|x64
		Release|x86 = Release|x86
	EndGlobalSection
	GlobalSection(ProjectConfigurationPlatforms) = postSolution
		{8C87ECC4-5863-41B2-BCA9-BA64DA35B5B8}.Debug|x64.ActiveCfg = Debug|x64
		{8C87ECC4-5863-41B2-BCA9-BA64DA35B5B8}.Debug|x64.Build.0 = Debug|x64
		{8C87ECC4-5863-41B2-BCA9-BA64DA35B5B8}.Debug|x86.ActiveCfg = Debug|Win32
		{8C87ECC4-5863-41B2-BCA9-BA64DA35B5B8}.Debug|x86.Build.0 = Debug|Win32
		{8C87ECC4-5863-41B2-BCA9-BA64DA35B5B8}.Release|x64.ActiveCfg = Release|x64
		{8C87ECC4-5863-41B2-BCA9-BA64DA35B5B8}.Release|x64.Build.0 = Release|x64
		{8C87ECC4-5863-41B2-BCA9-BA64DA35B5B8}.Release|x86.ActiveCfg = Release|Win32
		{8C87ECC4-5863-41B2-BCA9-BA64DA35B5B8}.Release|x86.Build.0 = Release|Win32
		{93EAFB53-F4FC-4A4C-B560-A2E5F9F7732F}.Debug|x64.ActiveCfg = Debug|x64
		{93EAFB53-F4FC-4A4C-B560-A2E5F9F7732F}.Debug|x64.Build.0 = Debug|x64
		{93EAFB53-F4FC-4A4C-B560-A2E5F9F7732F}.Debug|x86.ActiveCfg = Debug|Win32
		{93EAFB53-F4FC-4A4C-B560-A2E5F9F7732F}.Debug|x86.Build.0 = Debug|Win32
		{93EAFB53-F4FC-4A4C-B560-A2E5F9F7732F}.Release|x64.ActiveCfg = Release|x64
		{93EAFB53-F4FC-4A4C-B560-A2E5F9F7732F}.Release|x64.Build.0 = Release|x64
		{93EAFB53-F4FC-4A4C-B560-A2E5F9F7732F}.Release|x86.ActiveCfg = Release|Win32
		{93EAFB53-F4FC-4A4C-B560-A2E5F9F7732F}.Release|x86.Build.0 = Release|Win32
		{2B600DE5-F2BA-491B-A847-DE4699B4C91D}.Debug|x64.ActiveCfg = Debug|x64
		{2B600DE5-F2BA-491B-A847-DE4699B4C91D}.Debug|x64.Build.0 = Debug|x64
		{2B600DE5-F2BA-491B-A847-DE4699B4C91D}.Debug|x86.ActiveCfg = Debug|Win32
		{2B600DE5-F2BA-491B-A847-DE4699B4C91D}.Debug|x86.Build.0 = Debug|Win32
		{2B600DE5-F2BA-491B-A847-DE4699B4C91D}.Release|x64.ActiveCfg = Release|x64
		{2B600DE5-F2BA-491B-A847-DE4699B4C91D}.Release|x64.Build.0 = Release|x64
		{2B600DE5-F2BA-491B-A847-DE4699B4C91D}.Release|x86.ActiveCfg = Release|Win32
		{2B600DE5-F2BA-491B-A847-DE4699B4C91D}.Release|x86.Build.0 = Release|Win32
		{DEC75A89-FB03-430C-A2B6-0BFDCC617DE3}.Debug|x64.ActiveCfg = Debug|x64
		{DEC75A89-FB03-430C-A2B6-0BFDCC617DE3}.Debug|x64.Build.0 = Debug|x64
		{DEC75A89-FB03-430C-A2B6-0BFDCC617DE3}.Debug|x86.ActiveCfg = Debug|Win32
		{DEC75A89-FB03-430C-A2B6-0BFDCC617DE3}.Debug|x86.Build.0 = Debug|Win32
		{DEC75A89-FB03-430C-A2B6-0BFDCC617DE3}.Release|x64.ActiveCfg = Release|x64
		{DEC75A89-FB03-430C-A2B6-0BFDCC617DE3}.Release|x64.Build.0 = Release|x64
		{DEC75A89-FB03-430C-A2B6-0BFDCC617DE3}.Release|x86.ActiveCfg = Release|Win32
		{DEC75A89-FB03-430C-A2B6-0BFDCC617DE3}.Release|x86.Build.0 = Release|Win32
	EndGlobalSection
	GlobalSection(SolutionProperties) = preSolution
		HideSolutionNode = FALSE
	EndGlobalSection
EndGlobal
